
Microsoft Visual Studio Solution File, Format Version 12.00
# Visual Studio Version 17
VisualStudioVersion = 17.3.32929.385
MinimumVisualStudioVersion = 10.0.40219.1
Project("{FAE04EC0-301F-11D3-BF4B-00C04F79EFBC}") = "BizLand", "BizLand\BizLand.csproj", "{A573935E-C068-4B1D-95FE-A55D5462EB8E}"
EndProject
Global
	GlobalSection(SolutionConfigurationPlatforms) = preSolution
		Debug|Any CPU = Debug|Any CPU
		Release|Any CPU = Release|Any CPU
	EndGlobalSection
	GlobalSection(ProjectConfigurationPlatforms) = postSolution
		{A573935E-C068-4B1D-95FE-A55D5462EB8E}.Debug|Any CPU.ActiveCfg = Debug|Any CPU
		{A573935E-C068-4B1D-95FE-A55D5462EB8E}.Debug|Any CPU.Build.0 = Debug|Any CPU
		{A573935E-C068-4B1D-95FE-A55D5462EB8E}.Release|Any CPU.ActiveCfg = Release|Any CPU
		{A573935E-C068-4B1D-95FE-A55D5462EB8E}.Release|Any CPU.Build.0 = Release|Any CPU
	EndGlobalSection
	GlobalSection(SolutionProperties) = preSolution
		HideSolutionNode = FALSE
	EndGlobalSection
	GlobalSection(ExtensibilityGlobals) = postSolution
		SolutionGuid = {F672781C-AF86-4FEB-9EF9-F36923BC640D}
	EndGlobalSection
EndGlobal
